
Microsoft Visual Studio Solution File, Format Version 12.00
# Visual Studio 14
VisualStudioVersion = 14.0.25420.1
MinimumVisualStudioVersion = 10.0.40219.1
Project("{A07B5EB6-E848-4116-A8D0-A826331D98C6}") = "B2BFabricApp", "B2BFabricApp\B2BFabricApp.sfproj", "{DB329B1B-0FE3-4C41-A04F-04492D0310E8}"
EndProject
Project("{FAE04EC0-301F-11D3-BF4B-00C04F79EFBC}") = "OrderService", "OrderService\OrderService.csproj", "{24000C80-91A3-4A3C-9E75-356E8386EF88}"
EndProject
Project("{FAE04EC0-301F-11D3-BF4B-00C04F79EFBC}") = "UserActor", "UserActor\UserActor.csproj", "{46382023-F27E-4256-A140-BC5B83790F51}"
EndProject
Project("{FAE04EC0-301F-11D3-BF4B-00C04F79EFBC}") = "UserActor.Interfaces", "UserActor.Interfaces\UserActor.Interfaces.csproj", "{D0921548-17EA-446B-A2F7-1B32A567C0AA}"
EndProject
Project("{FAE04EC0-301F-11D3-BF4B-00C04F79EFBC}") = "TestActorFabricApp", "TestActorFabricApp\TestActorFabricApp.csproj", "{5055DF08-794C-43D5-9D98-55262E4D3BAD}"
EndProject
Project("{2150E333-8FDC-42A3-9474-1A3956D46DE8}") = "App", "App", "{74F44E15-6100-4AEC-A5B4-295141F60924}"
EndProject
Project("{FAE04EC0-301F-11D3-BF4B-00C04F79EFBC}") = "MyStatefulService", "MyStatefulService\MyStatefulService.csproj", "{D956835A-6252-483B-A7F4-9BD07478737B}"
EndProject
Project("{FAE04EC0-301F-11D3-BF4B-00C04F79EFBC}") = "OwinApp", "OwinApp\OwinApp.csproj", "{0C6E3DE1-30C1-4212-9092-BD6AF71E9172}"
EndProject
Project("{2150E333-8FDC-42A3-9474-1A3956D46DE8}") = "AkkaServiceFabric", "AkkaServiceFabric", "{E6A189E6-B03C-4CD8-837D-B5E0DD8EA990}"
EndProject
Project("{A07B5EB6-E848-4116-A8D0-A826331D98C6}") = "AkkaDemoApplication", "AkkaDemoApplication\AkkaDemoApplication.sfproj", "{5787692F-2D82-4FEB-92F9-5B9669D1ADA7}"
EndProject
Project("{FAE04EC0-301F-11D3-BF4B-00C04F79EFBC}") = "MyAkkaStateless", "MyAkkaStateless\MyAkkaStateless.csproj", "{8FCE62C9-D7F2-42F7-8914-8B1E73A98F63}"
EndProject
Project("{FAE04EC0-301F-11D3-BF4B-00C04F79EFBC}") = "TestAkkaServiceFabricApp", "TestAkkaServiceFabricApp\TestAkkaServiceFabricApp.csproj", "{FC3EB854-3257-4DA2-BE02-A12A916325EB}"
EndProject
Project("{FAE04EC0-301F-11D3-BF4B-00C04F79EFBC}") = "ShardMessage", "ShardMessage\ShardMessage.csproj", "{0BFE60F7-AFC3-440E-AB9B-5F267D9067C4}"
EndProject
Global
	GlobalSection(SolutionConfigurationPlatforms) = preSolution
		Debug|Any CPU = Debug|Any CPU
		Debug|x64 = Debug|x64
		Release|Any CPU = Release|Any CPU
		Release|x64 = Release|x64
	EndGlobalSection
	GlobalSection(ProjectConfigurationPlatforms) = postSolution
		{DB329B1B-0FE3-4C41-A04F-04492D0310E8}.Debug|Any CPU.ActiveCfg = Debug|x64
		{DB329B1B-0FE3-4C41-A04F-04492D0310E8}.Debug|x64.ActiveCfg = Debug|x64
		{DB329B1B-0FE3-4C41-A04F-04492D0310E8}.Debug|x64.Build.0 = Debug|x64
		{DB329B1B-0FE3-4C41-A04F-04492D0310E8}.Debug|x64.Deploy.0 = Debug|x64
		{DB329B1B-0FE3-4C41-A04F-04492D0310E8}.Release|Any CPU.ActiveCfg = Release|x64
		{DB329B1B-0FE3-4C41-A04F-04492D0310E8}.Release|x64.ActiveCfg = Release|x64
		{DB329B1B-0FE3-4C41-A04F-04492D0310E8}.Release|x64.Build.0 = Release|x64
		{DB329B1B-0FE3-4C41-A04F-04492D0310E8}.Release|x64.Deploy.0 = Release|x64
		{24000C80-91A3-4A3C-9E75-356E8386EF88}.Debug|Any CPU.ActiveCfg = Debug|x64
		{24000C80-91A3-4A3C-9E75-356E8386EF88}.Debug|x64.ActiveCfg = Debug|x64
		{24000C80-91A3-4A3C-9E75-356E8386EF88}.Debug|x64.Build.0 = Debug|x64
		{24000C80-91A3-4A3C-9E75-356E8386EF88}.Release|Any CPU.ActiveCfg = Release|x64
		{24000C80-91A3-4A3C-9E75-356E8386EF88}.Release|x64.ActiveCfg = Release|x64
		{24000C80-91A3-4A3C-9E75-356E8386EF88}.Release|x64.Build.0 = Release|x64
		{46382023-F27E-4256-A140-BC5B83790F51}.Debug|Any CPU.ActiveCfg = Debug|x64
		{46382023-F27E-4256-A140-BC5B83790F51}.Debug|x64.ActiveCfg = Debug|x64
		{46382023-F27E-4256-A140-BC5B83790F51}.Debug|x64.Build.0 = Debug|x64
		{46382023-F27E-4256-A140-BC5B83790F51}.Release|Any CPU.ActiveCfg = Release|x64
		{46382023-F27E-4256-A140-BC5B83790F51}.Release|x64.ActiveCfg = Release|x64
		{46382023-F27E-4256-A140-BC5B83790F51}.Release|x64.Build.0 = Release|x64
		{D0921548-17EA-446B-A2F7-1B32A567C0AA}.Debug|Any CPU.ActiveCfg = Debug|x64
		{D0921548-17EA-446B-A2F7-1B32A567C0AA}.Debug|x64.ActiveCfg = Debug|x64
		{D0921548-17EA-446B-A2F7-1B32A567C0AA}.Debug|x64.Build.0 = Debug|x64
		{D0921548-17EA-446B-A2F7-1B32A567C0AA}.Release|Any CPU.ActiveCfg = Release|x64
		{D0921548-17EA-446B-A2F7-1B32A567C0AA}.Release|x64.ActiveCfg = Release|x64
		{D0921548-17EA-446B-A2F7-1B32A567C0AA}.Release|x64.Build.0 = Release|x64
		{5055DF08-794C-43D5-9D98-55262E4D3BAD}.Debug|Any CPU.ActiveCfg = Debug|Any CPU
		{5055DF08-794C-43D5-9D98-55262E4D3BAD}.Debug|Any CPU.Build.0 = Debug|Any CPU
		{5055DF08-794C-43D5-9D98-55262E4D3BAD}.Debug|x64.ActiveCfg = Debug|Any CPU
		{5055DF08-794C-43D5-9D98-55262E4D3BAD}.Debug|x64.Build.0 = Debug|Any CPU
		{5055DF08-794C-43D5-9D98-55262E4D3BAD}.Release|Any CPU.ActiveCfg = Release|Any CPU
		{5055DF08-794C-43D5-9D98-55262E4D3BAD}.Release|Any CPU.Build.0 = Release|Any CPU
		{5055DF08-794C-43D5-9D98-55262E4D3BAD}.Release|x64.ActiveCfg = Release|Any CPU
		{5055DF08-794C-43D5-9D98-55262E4D3BAD}.Release|x64.Build.0 = Release|Any CPU
		{D956835A-6252-483B-A7F4-9BD07478737B}.Debug|Any CPU.ActiveCfg = Debug|x64
		{D956835A-6252-483B-A7F4-9BD07478737B}.Debug|x64.ActiveCfg = Debug|x64
		{D956835A-6252-483B-A7F4-9BD07478737B}.Debug|x64.Build.0 = Debug|x64
		{D956835A-6252-483B-A7F4-9BD07478737B}.Release|Any CPU.ActiveCfg = Release|x64
		{D956835A-6252-483B-A7F4-9BD07478737B}.Release|x64.ActiveCfg = Release|x64
		{D956835A-6252-483B-A7F4-9BD07478737B}.Release|x64.Build.0 = Release|x64
		{0C6E3DE1-30C1-4212-9092-BD6AF71E9172}.Debug|Any CPU.ActiveCfg = Debug|Any CPU
		{0C6E3DE1-30C1-4212-9092-BD6AF71E9172}.Debug|Any CPU.Build.0 = Debug|Any CPU
		{0C6E3DE1-30C1-4212-9092-BD6AF71E9172}.Debug|x64.ActiveCfg = Debug|Any CPU
		{0C6E3DE1-30C1-4212-9092-BD6AF71E9172}.Debug|x64.Build.0 = Debug|Any CPU
		{0C6E3DE1-30C1-4212-9092-BD6AF71E9172}.Release|Any CPU.ActiveCfg = Release|Any CPU
		{0C6E3DE1-30C1-4212-9092-BD6AF71E9172}.Release|Any CPU.Build.0 = Release|Any CPU
		{0C6E3DE1-30C1-4212-9092-BD6AF71E9172}.Release|x64.ActiveCfg = Release|Any CPU
		{0C6E3DE1-30C1-4212-9092-BD6AF71E9172}.Release|x64.Build.0 = Release|Any CPU
		{5787692F-2D82-4FEB-92F9-5B9669D1ADA7}.Debug|Any CPU.ActiveCfg = Debug|x64
		{5787692F-2D82-4FEB-92F9-5B9669D1ADA7}.Debug|x64.ActiveCfg = Debug|x64
		{5787692F-2D82-4FEB-92F9-5B9669D1ADA7}.Debug|x64.Build.0 = Debug|x64
		{5787692F-2D82-4FEB-92F9-5B9669D1ADA7}.Debug|x64.Deploy.0 = Debug|x64
		{5787692F-2D82-4FEB-92F9-5B9669D1ADA7}.Release|Any CPU.ActiveCfg = Release|x64
		{5787692F-2D82-4FEB-92F9-5B9669D1ADA7}.Release|x64.ActiveCfg = Release|x64
		{5787692F-2D82-4FEB-92F9-5B9669D1ADA7}.Release|x64.Build.0 = Release|x64
		{5787692F-2D82-4FEB-92F9-5B9669D1ADA7}.Release|x64.Deploy.0 = Release|x64
		{8FCE62C9-D7F2-42F7-8914-8B1E73A98F63}.Debug|Any CPU.ActiveCfg = Debug|x64
		{8FCE62C9-D7F2-42F7-8914-8B1E73A98F63}.Debug|x64.ActiveCfg = Debug|x64
		{8FCE62C9-D7F2-42F7-8914-8B1E73A98F63}.Debug|x64.Build.0 = Debug|x64
		{8FCE62C9-D7F2-42F7-8914-8B1E73A98F63}.Release|Any CPU.ActiveCfg = Release|x64
		{8FCE62C9-D7F2-42F7-8914-8B1E73A98F63}.Release|x64.ActiveCfg = Release|x64
		{8FCE62C9-D7F2-42F7-8914-8B1E73A98F63}.Release|x64.Build.0 = Release|x64
		{FC3EB854-3257-4DA2-BE02-A12A916325EB}.Debug|Any CPU.ActiveCfg = Debug|Any CPU
		{FC3EB854-3257-4DA2-BE02-A12A916325EB}.Debug|Any CPU.Build.0 = Debug|Any CPU
		{FC3EB854-3257-4DA2-BE02-A12A916325EB}.Debug|x64.ActiveCfg = Debug|Any CPU
		{FC3EB854-3257-4DA2-BE02-A12A916325EB}.Debug|x64.Build.0 = Debug|Any CPU
		{FC3EB854-3257-4DA2-BE02-A12A916325EB}.Release|Any CPU.ActiveCfg = Release|Any CPU
		{FC3EB854-3257-4DA2-BE02-A12A916325EB}.Release|Any CPU.Build.0 = Release|Any CPU
		{FC3EB854-3257-4DA2-BE02-A12A916325EB}.Release|x64.ActiveCfg = Release|Any CPU
		{FC3EB854-3257-4DA2-BE02-A12A916325EB}.Release|x64.Build.0 = Release|Any CPU
		{0BFE60F7-AFC3-440E-AB9B-5F267D9067C4}.Debug|Any CPU.ActiveCfg = Debug|Any CPU
		{0BFE60F7-AFC3-440E-AB9B-5F267D9067C4}.Debug|Any CPU.Build.0 = Debug|Any CPU
		{0BFE60F7-AFC3-440E-AB9B-5F267D9067C4}.Debug|x64.ActiveCfg = Debug|Any CPU
		{0BFE60F7-AFC3-440E-AB9B-5F267D9067C4}.Debug|x64.Build.0 = Debug|Any CPU
		{0BFE60F7-AFC3-440E-AB9B-5F267D9067C4}.Release|Any CPU.ActiveCfg = Release|Any CPU
		{0BFE60F7-AFC3-440E-AB9B-5F267D9067C4}.Release|Any CPU.Build.0 = Release|Any CPU
		{0BFE60F7-AFC3-440E-AB9B-5F267D9067C4}.Release|x64.ActiveCfg = Release|Any CPU
		{0BFE60F7-AFC3-440E-AB9B-5F267D9067C4}.Release|x64.Build.0 = Release|Any CPU
	EndGlobalSection
	GlobalSection(SolutionProperties) = preSolution
		HideSolutionNode = FALSE
	EndGlobalSection
	GlobalSection(NestedProjects) = preSolution
		{DB329B1B-0FE3-4C41-A04F-04492D0310E8} = {74F44E15-6100-4AEC-A5B4-295141F60924}
		{24000C80-91A3-4A3C-9E75-356E8386EF88} = {74F44E15-6100-4AEC-A5B4-295141F60924}
		{46382023-F27E-4256-A140-BC5B83790F51} = {74F44E15-6100-4AEC-A5B4-295141F60924}
		{D0921548-17EA-446B-A2F7-1B32A567C0AA} = {74F44E15-6100-4AEC-A5B4-295141F60924}
		{D956835A-6252-483B-A7F4-9BD07478737B} = {74F44E15-6100-4AEC-A5B4-295141F60924}
		{5787692F-2D82-4FEB-92F9-5B9669D1ADA7} = {E6A189E6-B03C-4CD8-837D-B5E0DD8EA990}
		{8FCE62C9-D7F2-42F7-8914-8B1E73A98F63} = {E6A189E6-B03C-4CD8-837D-B5E0DD8EA990}
		{FC3EB854-3257-4DA2-BE02-A12A916325EB} = {E6A189E6-B03C-4CD8-837D-B5E0DD8EA990}
		{0BFE60F7-AFC3-440E-AB9B-5F267D9067C4} = {E6A189E6-B03C-4CD8-837D-B5E0DD8EA990}
	EndGlobalSection
EndGlobal
